// !$*UTF8*$!
{
	archiveVersion = 1;
	classes = {
	};
	objectVersion = 50;
	objects = {

/* Begin PBXBuildFile section */
		BC71FD97247E5CFF00AC8B9B /* AppDelegate.m in Sources */ = {isa = PBXBuildFile; fileRef = BC71FD96247E5CFF00AC8B9B /* AppDelegate.m */; };
		BC71FD9A247E5CFF00AC8B9B /* SceneDelegate.m in Sources */ = {isa = PBXBuildFile; fileRef = BC71FD99247E5CFF00AC8B9B /* SceneDelegate.m */; };
		BC71FD9D247E5CFF00AC8B9B /* ViewController.m in Sources */ = {isa = PBXBuildFile; fileRef = BC71FD9C247E5CFF00AC8B9B /* ViewController.m */; };
		BC71FDA0247E5CFF00AC8B9B /* Main.storyboard in Resources */ = {isa = PBXBuildFile; fileRef = BC71FD9E247E5CFF00AC8B9B /* Main.storyboard */; };
		BC71FDA3247E5CFF00AC8B9B /* SnapAtackGame.xcdatamodeld in Sources */ = {isa = PBXBuildFile; fileRef = BC71FDA1247E5CFF00AC8B9B /* SnapAtackGame.xcdatamodeld */; };
		BC71FDA5247E5D0200AC8B9B /* Assets.xcassets in Resources */ = {isa = PBXBuildFile; fileRef = BC71FDA4247E5D0200AC8B9B /* Assets.xcassets */; };
		BC71FDA8247E5D0200AC8B9B /* LaunchScreen.storyboard in Resources */ = {isa = PBXBuildFile; fileRef = BC71FDA6247E5D0200AC8B9B /* LaunchScreen.storyboard */; };
		BC71FDAB247E5D0200AC8B9B /* main.m in Sources */ = {isa = PBXBuildFile; fileRef = BC71FDAA247E5D0200AC8B9B /* main.m */; };
		BC71FDB5247E5D0200AC8B9B /* SnapAtackGameTests.m in Sources */ = {isa = PBXBuildFile; fileRef = BC71FDB4247E5D0200AC8B9B /* SnapAtackGameTests.m */; };
		BC71FDC0247E5D0200AC8B9B /* SnapAtackGameUITests.m in Sources */ = {isa = PBXBuildFile; fileRef = BC71FDBF247E5D0200AC8B9B /* SnapAtackGameUITests.m */; };
/* End PBXBuildFile section */

/* Begin PBXContainerItemProxy section */
		BC71FDB1247E5D0200AC8B9B /* PBXContainerItemProxy */ = {
			isa = PBXContainerItemProxy;
			containerPortal = BC71FD8A247E5CFF00AC8B9B /* Project object */;
			proxyType = 1;
			remoteGlobalIDString = BC71FD91247E5CFF00AC8B9B;
			remoteInfo = SnapAtackGame;
		};
		BC71FDBC247E5D0200AC8B9B /* PBXContainerItemProxy */ = {
			isa = PBXContainerItemProxy;
			containerPortal = BC71FD8A247E5CFF00AC8B9B /* Project object */;
			proxyType = 1;
			remoteGlobalIDString = BC71FD91247E5CFF00AC8B9B;
			remoteInfo = SnapAtackGame;
		};
/* End PBXContainerItemProxy section */

/* Begin PBXFileReference section */
		BC71FD92247E5CFF00AC8B9B /* SnapAtackGame.app */ = {isa = PBXFileReference; explicitFileType = wrapper.application; includeInIndex = 0; path = SnapAtackGame.app; sourceTree = BUILT_PRODUCTS_DIR; };
		BC71FD95247E5CFF00AC8B9B /* AppDelegate.h */ = {isa = PBXFileReference; lastKnownFileType = sourcecode.c.h; path = AppDelegate.h; sourceTree = "<group>"; };
		BC71FD96247E5CFF00AC8B9B /* AppDelegate.m */ = {isa = PBXFileReference; lastKnownFileType = sourcecode.c.objc; path = AppDelegate.m; sourceTree = "<group>"; };
		BC71FD98247E5CFF00AC8B9B /* SceneDelegate.h */ = {isa = PBXFileReference; lastKnownFileType = sourcecode.c.h; path = SceneDelegate.h; sourceTree = "<group>"; };
		BC71FD99247E5CFF00AC8B9B /* SceneDelegate.m */ = {isa = PBXFileReference; lastKnownFileType = sourcecode.c.objc; path = SceneDelegate.m; sourceTree = "<group>"; };
		BC71FD9B247E5CFF00AC8B9B /* ViewController.h */ = {isa = PBXFileReference; lastKnownFileType = sourcecode.c.h; path = ViewController.h; sourceTree = "<group>"; };
		BC71FD9C247E5CFF00AC8B9B /* ViewController.m */ = {isa = PBXFileReference; lastKnownFileType = sourcecode.c.objc; path = ViewController.m; sourceTree = "<group>"; };
		BC71FD9F247E5CFF00AC8B9B /* Base */ = {isa = PBXFileReference; lastKnownFileType = file.storyboard; name = Base; path = Base.lproj/Main.storyboard; sourceTree = "<group>"; };
		BC71FDA2247E5CFF00AC8B9B /* SnapAtackGame.xcdatamodel */ = {isa = PBXFileReference; lastKnownFileType = wrapper.xcdatamodel; path = SnapAtackGame.xcdatamodel; sourceTree = "<group>"; };
		BC71FDA4247E5D0200AC8B9B /* Assets.xcassets */ = {isa = PBXFileReference; lastKnownFileType = folder.assetcatalog; path = Assets.xcassets; sourceTree = "<group>"; };
		BC71FDA7247E5D0200AC8B9B /* Base */ = {isa = PBXFileReference; lastKnownFileType = file.storyboard; name = Base; path = Base.lproj/LaunchScreen.storyboard; sourceTree = "<group>"; };
		BC71FDA9247E5D0200AC8B9B /* Info.plist */ = {isa = PBXFileReference; lastKnownFileType = text.plist.xml; path = Info.plist; sourceTree = "<group>"; };
		BC71FDAA247E5D0200AC8B9B /* main.m */ = {isa = PBXFileReference; lastKnownFileType = sourcecode.c.objc; path = main.m; sourceTree = "<group>"; };
		BC71FDB0247E5D0200AC8B9B /* SnapAtackGameTests.xctest */ = {isa = PBXFileReference; explicitFileType = wrapper.cfbundle; includeInIndex = 0; path = SnapAtackGameTests.xctest; sourceTree = BUILT_PRODUCTS_DIR; };
		BC71FDB4247E5D0200AC8B9B /* SnapAtackGameTests.m */ = {isa = PBXFileReference; lastKnownFileType = sourcecode.c.objc; path = SnapAtackGameTests.m; sourceTree = "<group>"; };
		BC71FDB6247E5D0200AC8B9B /* Info.plist */ = {isa = PBXFileReference; lastKnownFileType = text.plist.xml; path = Info.plist; sourceTree = "<group>"; };
		BC71FDBB247E5D0200AC8B9B /* SnapAtackGameUITests.xctest */ = {isa = PBXFileReference; explicitFileType = wrapper.cfbundle; includeInIndex = 0; path = SnapAtackGameUITests.xctest; sourceTree = BUILT_PRODUCTS_DIR; };
		BC71FDBF247E5D0200AC8B9B /* SnapAtackGameUITests.m */ = {isa = PBXFileReference; lastKnownFileType = sourcecode.c.objc; path = SnapAtackGameUITests.m; sourceTree = "<group>"; };
		BC71FDC1247E5D0200AC8B9B /* Info.plist */ = {isa = PBXFileReference; lastKnownFileType = text.plist.xml; path = Info.plist; sourceTree = "<group>"; };
/* End PBXFileReference section */

/* Begin PBXFrameworksBuildPhase section */
		BC71FD8F247E5CFF00AC8B9B /* Frameworks */ = {
			isa = PBXFrameworksBuildPhase;
			buildActionMask = 2147483647;
			files = (
			);
			runOnlyForDeploymentPostprocessing = 0;
		};
		BC71FDAD247E5D0200AC8B9B /* Frameworks */ = {
			isa = PBXFrameworksBuildPhase;
			buildActionMask = 2147483647;
			files = (
			);
			runOnlyForDeploymentPostprocessing = 0;
		};
		BC71FDB8247E5D0200AC8B9B /* Frameworks */ = {
			isa = PBXFrameworksBuildPhase;
			buildActionMask = 2147483647;
			files = (
			);
			runOnlyForDeploymentPostprocessing = 0;
		};
/* End PBXFrameworksBuildPhase section */

/* Begin PBXGroup section */
		BC71FD89247E5CFF00AC8B9B = {
			isa = PBXGroup;
			children = (
				BC71FD94247E5CFF00AC8B9B /* SnapAtackGame */,
				BC71FDB3247E5D0200AC8B9B /* SnapAtackGameTests */,
				BC71FDBE247E5D0200AC8B9B /* SnapAtackGameUITests */,
				BC71FD93247E5CFF00AC8B9B /* Products */,
			);
			sourceTree = "<group>";
		};
		BC71FD93247E5CFF00AC8B9B /* Products */ = {
			isa = PBXGroup;
			children = (
				BC71FD92247E5CFF00AC8B9B /* SnapAtackGame.app */,
				BC71FDB0247E5D0200AC8B9B /* SnapAtackGameTests.xctest */,
				BC71FDBB247E5D0200AC8B9B /* SnapAtackGameUITests.xctest */,
			);
			name = Products;
			sourceTree = "<group>";
		};
		BC71FD94247E5CFF00AC8B9B /* SnapAtackGame */ = {
			isa = PBXGroup;
			children = (
				BC71FD95247E5CFF00AC8B9B /* AppDelegate.h */,
				BC71FD96247E5CFF00AC8B9B /* AppDelegate.m */,
				BC71FD98247E5CFF00AC8B9B /* SceneDelegate.h */,
				BC71FD99247E5CFF00AC8B9B /* SceneDelegate.m */,
				BC71FD9B247E5CFF00AC8B9B /* ViewController.h */,
				BC71FD9C247E5CFF00AC8B9B /* ViewController.m */,
				BC71FD9E247E5CFF00AC8B9B /* Main.storyboard */,
				BC71FDA4247E5D0200AC8B9B /* Assets.xcassets */,
				BC71FDA6247E5D0200AC8B9B /* LaunchScreen.storyboard */,
				BC71FDA9247E5D0200AC8B9B /* Info.plist */,
				BC71FDAA247E5D0200AC8B9B /* main.m */,
				BC71FDA1247E5CFF00AC8B9B /* SnapAtackGame.xcdatamodeld */,
			);
			path = SnapAtackGame;
			sourceTree = "<group>";
		};
		BC71FDB3247E5D0200AC8B9B /* SnapAtackGameTests */ = {
			isa = PBXGroup;
			children = (
				BC71FDB4247E5D0200AC8B9B /* SnapAtackGameTests.m */,
				BC71FDB6247E5D0200AC8B9B /* Info.plist */,
			);
			path = SnapAtackGameTests;
			sourceTree = "<group>";
		};
		BC71FDBE247E5D0200AC8B9B /* SnapAtackGameUITests */ = {
			isa = PBXGroup;
			children = (
				BC71FDBF247E5D0200AC8B9B /* SnapAtackGameUITests.m */,
				BC71FDC1247E5D0200AC8B9B /* Info.plist */,
			);
			path = SnapAtackGameUITests;
			sourceTree = "<group>";
		};
/* End PBXGroup section */

/* Begin PBXNativeTarget section */
		BC71FD91247E5CFF00AC8B9B /* SnapAtackGame */ = {
			isa = PBXNativeTarget;
			buildConfigurationList = BC71FDC4247E5D0200AC8B9B /* Build configuration list for PBXNativeTarget "SnapAtackGame" */;
			buildPhases = (
				BC71FD8E247E5CFF00AC8B9B /* Sources */,
				BC71FD8F247E5CFF00AC8B9B /* Frameworks */,
				BC71FD90247E5CFF00AC8B9B /* Resources */,
			);
			buildRules = (
			);
			dependencies = (
			);
			name = SnapAtackGame;
			productName = SnapAtackGame;
			productReference = BC71FD92247E5CFF00AC8B9B /* SnapAtackGame.app */;
			productType = "com.apple.product-type.application";
		};
		BC71FDAF247E5D0200AC8B9B /* SnapAtackGameTests */ = {
			isa = PBXNativeTarget;
			buildConfigurationList = BC71FDC7247E5D0200AC8B9B /* Build configuration list for PBXNativeTarget "SnapAtackGameTests" */;
			buildPhases = (
				BC71FDAC247E5D0200AC8B9B /* Sources */,
				BC71FDAD247E5D0200AC8B9B /* Frameworks */,
				BC71FDAE247E5D0200AC8B9B /* Resources */,
			);
			buildRules = (
			);
			dependencies = (
				BC71FDB2247E5D0200AC8B9B /* PBXTargetDependency */,
			);
			name = SnapAtackGameTests;
			productName = SnapAtackGameTests;
			productReference = BC71FDB0247E5D0200AC8B9B /* SnapAtackGameTests.xctest */;
			productType = "com.apple.product-type.bundle.unit-test";
		};
		BC71FDBA247E5D0200AC8B9B /* SnapAtackGameUITests */ = {
			isa = PBXNativeTarget;
			buildConfigurationList = BC71FDCA247E5D0200AC8B9B /* Build configuration list for PBXNativeTarget "SnapAtackGameUITests" */;
			buildPhases = (
				BC71FDB7247E5D0200AC8B9B /* Sources */,
				BC71FDB8247E5D0200AC8B9B /* Frameworks */,
				BC71FDB9247E5D0200AC8B9B /* Resources */,
			);
			buildRules = (
			);
			dependencies = (
				BC71FDBD247E5D0200AC8B9B /* PBXTargetDependency */,
			);
			name = SnapAtackGameUITests;
			productName = SnapAtackGameUITests;
			productReference = BC71FDBB247E5D0200AC8B9B /* SnapAtackGameUITests.xctest */;
			productType = "com.apple.product-type.bundle.ui-testing";
		};
/* End PBXNativeTarget section */

/* Begin PBXProject section */
		BC71FD8A247E5CFF00AC8B9B /* Project object */ = {
			isa = PBXProject;
			attributes = {
				LastUpgradeCheck = 1150;
				ORGANIZATIONNAME = "Vladan Randjelovic";
				TargetAttributes = {
					BC71FD91247E5CFF00AC8B9B = {
						CreatedOnToolsVersion = 11.5;
					};
					BC71FDAF247E5D0200AC8B9B = {
						CreatedOnToolsVersion = 11.5;
						TestTargetID = BC71FD91247E5CFF00AC8B9B;
					};
					BC71FDBA247E5D0200AC8B9B = {
						CreatedOnToolsVersion = 11.5;
						TestTargetID = BC71FD91247E5CFF00AC8B9B;
					};
				};
			};
			buildConfigurationList = BC71FD8D247E5CFF00AC8B9B /* Build configuration list for PBXProject "SnapAtackGame" */;
			compatibilityVersion = "Xcode 9.3";
			developmentRegion = en;
			hasScannedForEncodings = 0;
			knownRegions = (
				en,
				Base,
			);
			mainGroup = BC71FD89247E5CFF00AC8B9B;
			productRefGroup = BC71FD93247E5CFF00AC8B9B /* Products */;
			projectDirPath = "";
			projectRoot = "";
			targets = (
				BC71FD91247E5CFF00AC8B9B /* SnapAtackGame */,
				BC71FDAF247E5D0200AC8B9B /* SnapAtackGameTests */,
				BC71FDBA247E5D0200AC8B9B /* SnapAtackGameUITests */,
			);
		};
/* End PBXProject section */

/* Begin PBXResourcesBuildPhase section */
		BC71FD90247E5CFF00AC8B9B /* Resources */ = {
			isa = PBXResourcesBuildPhase;
			buildActionMask = 2147483647;
			files = (
				BC71FDA8247E5D0200AC8B9B /* LaunchScreen.storyboard in Resources */,
				BC71FDA5247E5D0200AC8B9B /* Assets.xcassets in Resources */,
				BC71FDA0247E5CFF00AC8B9B /* Main.storyboard in Resources */,
			);
			runOnlyForDeploymentPostprocessing = 0;
		};
		BC71FDAE247E5D0200AC8B9B /* Resources */ = {
			isa = PBXResourcesBuildPhase;
			buildActionMask = 2147483647;
			files = (
			);
			runOnlyForDeploymentPostprocessing = 0;
		};
		BC71FDB9247E5D0200AC8B9B /* Resources */ = {
			isa = PBXResourcesBuildPhase;
			buildActionMask = 2147483647;
			files = (
			);
			runOnlyForDeploymentPostprocessing = 0;
		};
/* End PBXResourcesBuildPhase section */

/* Begin PBXSourcesBuildPhase section */
		BC71FD8E247E5CFF00AC8B9B /* Sources */ = {
			isa = PBXSourcesBuildPhase;
			buildActionMask = 2147483647;
			files = (
				BC71FDAB247E5D0200AC8B9B /* main.m in Sources */,
				BC71FD9D247E5CFF00AC8B9B /* ViewController.m in Sources */,
				BC71FD97247E5CFF00AC8B9B /* AppDelegate.m in Sources */,
				BC71FDA3247E5CFF00AC8B9B /* SnapAtackGame.xcdatamodeld in Sources */,
				BC71FD9A247E5CFF00AC8B9B /* SceneDelegate.m in Sources */,
			);
			runOnlyForDeploymentPostprocessing = 0;
		};
		BC71FDAC247E5D0200AC8B9B /* Sources */ = {
			isa = PBXSourcesBuildPhase;
			buildActionMask = 2147483647;
			files = (
				BC71FDB5247E5D0200AC8B9B /* SnapAtackGameTests.m in Sources */,
			);
			runOnlyForDeploymentPostprocessing = 0;
		};
		BC71FDB7247E5D0200AC8B9B /* Sources */ = {
			isa = PBXSourcesBuildPhase;
			buildActionMask = 2147483647;
			files = (
				BC71FDC0247E5D0200AC8B9B /* SnapAtackGameUITests.m in Sources */,
			);
			runOnlyForDeploymentPostprocessing = 0;
		};
/* End PBXSourcesBuildPhase section */

/* Begin PBXTargetDependency section */
		BC71FDB2247E5D0200AC8B9B /* PBXTargetDependency */ = {
			isa = PBXTargetDependency;
			target = BC71FD91247E5CFF00AC8B9B /* SnapAtackGame */;
			targetProxy = BC71FDB1247E5D0200AC8B9B /* PBXContainerItemProxy */;
		};
		BC71FDBD247E5D0200AC8B9B /* PBXTargetDependency */ = {
			isa = PBXTargetDependency;
			target = BC71FD91247E5CFF00AC8B9B /* SnapAtackGame */;
			targetProxy = BC71FDBC247E5D0200AC8B9B /* PBXContainerItemProxy */;
		};
/* End PBXTargetDependency section */

/* Begin PBXVariantGroup section */
		BC71FD9E247E5CFF00AC8B9B /* Main.storyboard */ = {
			isa = PBXVariantGroup;
			children = (
				BC71FD9F247E5CFF00AC8B9B /* Base */,
			);
			name = Main.storyboard;
			sourceTree = "<group>";
		};
		BC71FDA6247E5D0200AC8B9B /* LaunchScreen.storyboard */ = {
			isa = PBXVariantGroup;
			children = (
				BC71FDA7247E5D0200AC8B9B /* Base */,
			);
			name = LaunchScreen.storyboard;
			sourceTree = "<group>";
		};
/* End PBXVariantGroup section */

/* Begin XCBuildConfiguration section */
		BC71FDC2247E5D0200AC8B9B /* Debug */ = {
			isa = XCBuildConfiguration;
			buildSettings = {
				ALWAYS_SEARCH_USER_PATHS = NO;
				CLANG_ANALYZER_NONNULL = YES;
				CLANG_ANALYZER_NUMBER_OBJECT_CONVERSION = YES_AGGRESSIVE;
				CLANG_CXX_LANGUAGE_STANDARD = "gnu++14";
				CLANG_CXX_LIBRARY = "libc++";
				CLANG_ENABLE_MODULES = YES;
				CLANG_ENABLE_OBJC_ARC = YES;
				CLANG_ENABLE_OBJC_WEAK = YES;
				CLANG_WARN_BLOCK_CAPTURE_AUTORELEASING = YES;
				CLANG_WARN_BOOL_CONVERSION = YES;
				CLANG_WARN_COMMA = YES;
				CLANG_WARN_CONSTANT_CONVERSION = YES;
				CLANG_WARN_DEPRECATED_OBJC_IMPLEMENTATIONS = YES;
				CLANG_WARN_DIRECT_OBJC_ISA_USAGE = YES_ERROR;
				CLANG_WARN_DOCUMENTATION_COMMENTS = YES;
				CLANG_WARN_EMPTY_BODY = YES;
				CLANG_WARN_ENUM_CONVERSION = YES;
				CLANG_WARN_INFINITE_RECURSION = YES;
				CLANG_WARN_INT_CONVERSION = YES;
				CLANG_WARN_NON_LITERAL_NULL_CONVERSION = YES;
				CLANG_WARN_OBJC_IMPLICIT_RETAIN_SELF = YES;
				CLANG_WARN_OBJC_LITERAL_CONVERSION = YES;
				CLANG_WARN_OBJC_ROOT_CLASS = YES_ERROR;
				CLANG_WARN_RANGE_LOOP_ANALYSIS = YES;
				CLANG_WARN_STRICT_PROTOTYPES = YES;
				CLANG_WARN_SUSPICIOUS_MOVE = YES;
				CLANG_WARN_UNGUARDED_AVAILABILITY = YES_AGGRESSIVE;
				CLANG_WARN_UNREACHABLE_CODE = YES;
				CLANG_WARN__DUPLICATE_METHOD_MATCH = YES;
				COPY_PHASE_STRIP = NO;
				DEBUG_INFORMATION_FORMAT = dwarf;
				ENABLE_STRICT_OBJC_MSGSEND = YES;
				ENABLE_TESTABILITY = YES;
				GCC_C_LANGUAGE_STANDARD = gnu11;
				GCC_DYNAMIC_NO_PIC = NO;
				GCC_NO_COMMON_BLOCKS = YES;
				GCC_OPTIMIZATION_LEVEL = 0;
				GCC_PREPROCESSOR_DEFINITIONS = (
					"DEBUG=1",
					"$(inherited)",
				);
				GCC_WARN_64_TO_32_BIT_CONVERSION = YES;
				GCC_WARN_ABOUT_RETURN_TYPE = YES_ERROR;
				GCC_WARN_UNDECLARED_SELECTOR = YES;
				GCC_WARN_UNINITIALIZED_AUTOS = YES_AGGRESSIVE;
				GCC_WARN_UNUSED_FUNCTION = YES;
				GCC_WARN_UNUSED_VARIABLE = YES;
				IPHONEOS_DEPLOYMENT_TARGET = 13.5;
				MTL_ENABLE_DEBUG_INFO = INCLUDE_SOURCE;
				MTL_FAST_MATH = YES;
				ONLY_ACTIVE_ARCH = YES;
				SDKROOT = iphoneos;
			};
			name = Debug;
		};
		BC71FDC3247E5D0200AC8B9B /* Release */ = {
			isa = XCBuildConfiguration;
			buildSettings = {
				ALWAYS_SEARCH_USER_PATHS = NO;
				CLANG_ANALYZER_NONNULL = YES;
				CLANG_ANALYZER_NUMBER_OBJECT_CONVERSION = YES_AGGRESSIVE;
				CLANG_CXX_LANGUAGE_STANDARD = "gnu++14";
				CLANG_CXX_LIBRARY = "libc++";
				CLANG_ENABLE_MODULES = YES;
				CLANG_ENABLE_OBJC_ARC = YES;
				CLANG_ENABLE_OBJC_WEAK = YES;
				CLANG_WARN_BLOCK_CAPTURE_AUTORELEASING = YES;
				CLANG_WARN_BOOL_CONVERSION = YES;
				CLANG_WARN_COMMA = YES;
				CLANG_WARN_CONSTANT_CONVERSION = YES;
				CLANG_WARN_DEPRECATED_OBJC_IMPLEMENTATIONS = YES;
				CLANG_WARN_DIRECT_OBJC_ISA_USAGE = YES_ERROR;
				CLANG_WARN_DOCUMENTATION_COMMENTS = YES;
				CLANG_WARN_EMPTY_BODY = YES;
				CLANG_WARN_ENUM_CONVERSION = YES;
				CLANG_WARN_INFINITE_RECURSION = YES;
				CLANG_WARN_INT_CONVERSION = YES;
				CLANG_WARN_NON_LITERAL_NULL_CONVERSION = YES;
				CLANG_WARN_OBJC_IMPLICIT_RETAIN_SELF = YES;
				CLANG_WARN_OBJC_LITERAL_CONVERSION = YES;
				CLANG_WARN_OBJC_ROOT_CLASS = YES_ERROR;
				CLANG_WARN_RANGE_LOOP_ANALYSIS = YES;
				CLANG_WARN_STRICT_PROTOTYPES = YES;
				CLANG_WARN_SUSPICIOUS_MOVE = YES;
				CLANG_WARN_UNGUARDED_AVAILABILITY = YES_AGGRESSIVE;
				CLANG_WARN_UNREACHABLE_CODE = YES;
				CLANG_WARN__DUPLICATE_METHOD_MATCH = YES;
				COPY_PHASE_STRIP = NO;
				DEBUG_INFORMATION_FORMAT = "dwarf-with-dsym";
				ENABLE_NS_ASSERTIONS = NO;
				ENABLE_STRICT_OBJC_MSGSEND = YES;
				GCC_C_LANGUAGE_STANDARD = gnu11;
				GCC_NO_COMMON_BLOCKS = YES;
				GCC_WARN_64_TO_32_BIT_CONVERSION = YES;
				GCC_WARN_ABOUT_RETURN_TYPE = YES_ERROR;
				GCC_WARN_UNDECLARED_SELECTOR = YES;
				GCC_WARN_UNINITIALIZED_AUTOS = YES_AGGRESSIVE;
				GCC_WARN_UNUSED_FUNCTION = YES;
				GCC_WARN_UNUSED_VARIABLE = YES;
				IPHONEOS_DEPLOYMENT_TARGET = 13.5;
				MTL_ENABLE_DEBUG_INFO = NO;
				MTL_FAST_MATH = YES;
				SDKROOT = iphoneos;
				VALIDATE_PRODUCT = YES;
			};
			name = Release;
		};
		BC71FDC5247E5D0200AC8B9B /* Debug */ = {
			isa = XCBuildConfiguration;
			buildSettings = {
				ASSETCATALOG_COMPILER_APPICON_NAME = AppIcon;
				CODE_SIGN_STYLE = Automatic;
				DEVELOPMENT_TEAM = 9NC9458SLG;
				INFOPLIST_FILE = SnapAtackGame/Info.plist;
				LD_RUNPATH_SEARCH_PATHS = (
					"$(inherited)",
					"@executable_path/Frameworks",
				);
				PRODUCT_BUNDLE_IDENTIFIER = com.vladan.SnapAtackGame;
				PRODUCT_NAME = "$(TARGET_NAME)";
				TARGETED_DEVICE_FAMILY = "1,2";
			};
			name = Debug;
		};
		BC71FDC6247E5D0200AC8B9B /* Release */ = {
			isa = XCBuildConfiguration;
			buildSettings = {
				ASSETCATALOG_COMPILER_APPICON_NAME = AppIcon;
				CODE_SIGN_STYLE = Automatic;
				DEVELOPMENT_TEAM = 9NC9458SLG;
				INFOPLIST_FILE = SnapAtackGame/Info.plist;
				LD_RUNPATH_SEARCH_PATHS = (
					"$(inherited)",
					"@executable_path/Frameworks",
				);
				PRODUCT_BUNDLE_IDENTIFIER = com.vladan.SnapAtackGame;
				PRODUCT_NAME = "$(TARGET_NAME)";
				TARGETED_DEVICE_FAMILY = "1,2";
			};
			name = Release;
		};
		BC71FDC8247E5D0200AC8B9B /* Debug */ = {
			isa = XCBuildConfiguration;
			buildSettings = {
				BUNDLE_LOADER = "$(TEST_HOST)";
				CODE_SIGN_STYLE = Automatic;
				DEVELOPMENT_TEAM = 9NC9458SLG;
				INFOPLIST_FILE = SnapAtackGameTests/Info.plist;
				IPHONEOS_DEPLOYMENT_TARGET = 13.5;
				LD_RUNPATH_SEARCH_PATHS = (
					"$(inherited)",
					"@executable_path/Frameworks",
					"@loader_path/Frameworks",
				);
				PRODUCT_BUNDLE_IDENTIFIER = com.vladan.SnapAtackGameTests;
				PRODUCT_NAME = "$(TARGET_NAME)";
				TARGETED_DEVICE_FAMILY = "1,2";
				TEST_HOST = "$(BUILT_PRODUCTS_DIR)/SnapAtackGame.app/SnapAtackGame";
			};
			name = Debug;
		};
		BC71FDC9247E5D0200AC8B9B /* Release */ = {
			isa = XCBuildConfiguration;
			buildSettings = {
				BUNDLE_LOADER = "$(TEST_HOST)";
				CODE_SIGN_STYLE = Automatic;
				DEVELOPMENT_TEAM = 9NC9458SLG;
				INFOPLIST_FILE = SnapAtackGameTests/Info.plist;
				IPHONEOS_DEPLOYMENT_TARGET = 13.5;
				LD_RUNPATH_SEARCH_PATHS = (
					"$(inherited)",
					"@executable_path/Frameworks",
					"@loader_path/Frameworks",
				);
				PRODUCT_BUNDLE_IDENTIFIER = com.vladan.SnapAtackGameTests;
				PRODUCT_NAME = "$(TARGET_NAME)";
				TARGETED_DEVICE_FAMILY = "1,2";
				TEST_HOST = "$(BUILT_PRODUCTS_DIR)/SnapAtackGame.app/SnapAtackGame";
			};
			name = Release;
		};
		BC71FDCB247E5D0200AC8B9B /* Debug */ = {
			isa = XCBuildConfiguration;
			buildSettings = {
				CODE_SIGN_STYLE = Automatic;
				DEVELOPMENT_TEAM = 9NC9458SLG;
				INFOPLIST_FILE = SnapAtackGameUITests/Info.plist;
				LD_RUNPATH_SEARCH_PATHS = (
					"$(inherited)",
					"@executable_path/Frameworks",
					"@loader_path/Frameworks",
				);
				PRODUCT_BUNDLE_IDENTIFIER = com.vladan.SnapAtackGameUITests;
				PRODUCT_NAME = "$(TARGET_NAME)";
				TARGETED_DEVICE_FAMILY = "1,2";
				TEST_TARGET_NAME = SnapAtackGame;
			};
			name = Debug;
		};
		BC71FDCC247E5D0200AC8B9B /* Release */ = {
			isa = XCBuildConfiguration;
			buildSettings = {
				CODE_SIGN_STYLE = Automatic;
				DEVELOPMENT_TEAM = 9NC9458SLG;
				INFOPLIST_FILE = SnapAtackGameUITests/Info.plist;
				LD_RUNPATH_SEARCH_PATHS = (
					"$(inherited)",
					"@executable_path/Frameworks",
					"@loader_path/Frameworks",
				);
				PRODUCT_BUNDLE_IDENTIFIER = com.vladan.SnapAtackGameUITests;
				PRODUCT_NAME = "$(TARGET_NAME)";
				TARGETED_DEVICE_FAMILY = "1,2";
				TEST_TARGET_NAME = SnapAtackGame;
			};
			name = Release;
		};
/* End XCBuildConfiguration section */

/* Begin XCConfigurationList section */
		BC71FD8D247E5CFF00AC8B9B /* Build configuration list for PBXProject "SnapAtackGame" */ = {
			isa = XCConfigurationList;
			buildConfigurations = (
				BC71FDC2247E5D0200AC8B9B /* Debug */,
				BC71FDC3247E5D0200AC8B9B /* Release */,
			);
			defaultConfigurationIsVisible = 0;
			defaultConfigurationName = Release;
		};
		BC71FDC4247E5D0200AC8B9B /* Build configuration list for PBXNativeTarget "SnapAtackGame" */ = {
			isa = XCConfigurationList;
			buildConfigurations = (
				BC71FDC5247E5D0200AC8B9B /* Debug */,
				BC71FDC6247E5D0200AC8B9B /* Release */,
			);
			defaultConfigurationIsVisible = 0;
			defaultConfigurationName = Release;
		};
		BC71FDC7247E5D0200AC8B9B /* Build configuration list for PBXNativeTarget "SnapAtackGameTests" */ = {
			isa = XCConfigurationList;
			buildConfigurations = (
				BC71FDC8247E5D0200AC8B9B /* Debug */,
				BC71FDC9247E5D0200AC8B9B /* Release */,
			);
			defaultConfigurationIsVisible = 0;
			defaultConfigurationName = Release;
		};
		BC71FDCA247E5D0200AC8B9B /* Build configuration list for PBXNativeTarget "SnapAtackGameUITests" */ = {
			isa = XCConfigurationList;
			buildConfigurations = (
				BC71FDCB247E5D0200AC8B9B /* Debug */,
				BC71FDCC247E5D0200AC8B9B /* Release */,
			);
			defaultConfigurationIsVisible = 0;
			defaultConfigurationName = Release;
		};
/* End XCConfigurationList section */

/* Begin XCVersionGroup section */
		BC71FDA1247E5CFF00AC8B9B /* SnapAtackGame.xcdatamodeld */ = {
			isa = XCVersionGroup;
			children = (
				BC71FDA2247E5CFF00AC8B9B /* SnapAtackGame.xcdatamodel */,
			);
			currentVersion = BC71FDA2247E5CFF00AC8B9B /* SnapAtackGame.xcdatamodel */;
			path = SnapAtackGame.xcdatamodeld;
			sourceTree = "<group>";
			versionGroupType = wrapper.xcdatamodel;
		};
/* End XCVersionGroup section */
	};
	rootObject = BC71FD8A247E5CFF00AC8B9B /* Project object */;
}
